
Microsoft Visual Studio Solution File, Format Version 12.00
Project("{2150E333-8FDC-42A3-9474-1A3956D46DE8}") = "Testing", "Testing", "{B2F81F31-9914-4AE8-AC66-75344D1AB366}"
EndProject
Project("{FAE04EC0-301F-11D3-BF4B-00C04F79EFBC}") = "UnitTestsTarget", "Testing\UnitTestsTarget\UnitTestsTarget.csproj", "{EE5737B3-11EC-442D-81A3-5352C845EB0C}"
EndProject
Project("{FAE04EC0-301F-11D3-BF4B-00C04F79EFBC}") = "UnitTests", "Testing\UnitTests\UnitTests.csproj", "{3997134A-6BDC-4BC8-BAE7-CF03BE16EAEA}"
EndProject
Project("{2150E333-8FDC-42A3-9474-1A3956D46DE8}") = "SQL", "SQL", "{D63933D7-344F-4EA7-BD9A-85ABC5065FA8}"
ProjectSection(SolutionItems) = preProject
	SQL\create-multiple-postgresql-databases.sh = SQL\create-multiple-postgresql-databases.sh
	SQL\postgres.dockerfile = SQL\postgres.dockerfile
	SQL\docker-compose.yml = SQL\docker-compose.yml
EndProjectSection
EndProject
Project("{FAE04EC0-301F-11D3-BF4B-00C04F79EFBC}") = "Database.EFCore", "SQL\Database.EFCore\Database.EFCore.csproj", "{5C8AAD80-17B4-4F2F-848B-12870392A368}"
EndProject
Project("{FAE04EC0-301F-11D3-BF4B-00C04F79EFBC}") = "WebApplication.EFCore", "SQL\WebApplication.EFCore\WebApplication.EFCore.csproj", "{809970C6-F20B-41BD-9840-413AA36E3319}"
EndProject
Project("{2150E333-8FDC-42A3-9474-1A3956D46DE8}") = "MSSQL", "MSSQL", "{7B57C70C-A2F0-49ED-8E5A-867F334D7998}"
ProjectSection(SolutionItems) = preProject
	MSSQL\docker-compose.yml = MSSQL\docker-compose.yml
EndProjectSection
EndProject
Project("{2150E333-8FDC-42A3-9474-1A3956D46DE8}") = "Razor", "Razor", "{78ADE4E4-96A8-4456-9EBB-341E9514CF58}"
EndProject
Project("{FAE04EC0-301F-11D3-BF4B-00C04F79EFBC}") = "RazorWebApplication", "Razor\RazorWebApplication\RazorWebApplication.csproj", "{01C61A50-2F11-449A-8B12-E85F55B291A8}"
EndProject
Project("{2150E333-8FDC-42A3-9474-1A3956D46DE8}") = "SignalR", "SignalR", "{3CC83435-69EA-4DB8-A0BC-A51F9FB358E2}"
EndProject
Project("{FAE04EC0-301F-11D3-BF4B-00C04F79EFBC}") = "SignalR_Chat", "SignalR\SignalR_Chat\SignalR_Chat.csproj", "{E530D925-EEA0-4367-A884-71884A9C59EC}"
EndProject
Global
	GlobalSection(SolutionConfigurationPlatforms) = preSolution
		Debug|Any CPU = Debug|Any CPU
		Release|Any CPU = Release|Any CPU
	EndGlobalSection
	GlobalSection(ProjectConfigurationPlatforms) = postSolution
		{EE5737B3-11EC-442D-81A3-5352C845EB0C}.Debug|Any CPU.ActiveCfg = Debug|Any CPU
		{EE5737B3-11EC-442D-81A3-5352C845EB0C}.Debug|Any CPU.Build.0 = Debug|Any CPU
		{EE5737B3-11EC-442D-81A3-5352C845EB0C}.Release|Any CPU.ActiveCfg = Release|Any CPU
		{EE5737B3-11EC-442D-81A3-5352C845EB0C}.Release|Any CPU.Build.0 = Release|Any CPU
		{3997134A-6BDC-4BC8-BAE7-CF03BE16EAEA}.Debug|Any CPU.ActiveCfg = Debug|Any CPU
		{3997134A-6BDC-4BC8-BAE7-CF03BE16EAEA}.Debug|Any CPU.Build.0 = Debug|Any CPU
		{3997134A-6BDC-4BC8-BAE7-CF03BE16EAEA}.Release|Any CPU.ActiveCfg = Release|Any CPU
		{3997134A-6BDC-4BC8-BAE7-CF03BE16EAEA}.Release|Any CPU.Build.0 = Release|Any CPU
		{5C8AAD80-17B4-4F2F-848B-12870392A368}.Debug|Any CPU.ActiveCfg = Debug|Any CPU
		{5C8AAD80-17B4-4F2F-848B-12870392A368}.Debug|Any CPU.Build.0 = Debug|Any CPU
		{5C8AAD80-17B4-4F2F-848B-12870392A368}.Release|Any CPU.ActiveCfg = Release|Any CPU
		{5C8AAD80-17B4-4F2F-848B-12870392A368}.Release|Any CPU.Build.0 = Release|Any CPU
		{809970C6-F20B-41BD-9840-413AA36E3319}.Debug|Any CPU.ActiveCfg = Debug|Any CPU
		{809970C6-F20B-41BD-9840-413AA36E3319}.Debug|Any CPU.Build.0 = Debug|Any CPU
		{809970C6-F20B-41BD-9840-413AA36E3319}.Release|Any CPU.ActiveCfg = Release|Any CPU
		{809970C6-F20B-41BD-9840-413AA36E3319}.Release|Any CPU.Build.0 = Release|Any CPU
		{01C61A50-2F11-449A-8B12-E85F55B291A8}.Debug|Any CPU.ActiveCfg = Debug|Any CPU
		{01C61A50-2F11-449A-8B12-E85F55B291A8}.Debug|Any CPU.Build.0 = Debug|Any CPU
		{01C61A50-2F11-449A-8B12-E85F55B291A8}.Release|Any CPU.ActiveCfg = Release|Any CPU
		{01C61A50-2F11-449A-8B12-E85F55B291A8}.Release|Any CPU.Build.0 = Release|Any CPU
		{E530D925-EEA0-4367-A884-71884A9C59EC}.Debug|Any CPU.ActiveCfg = Debug|Any CPU
		{E530D925-EEA0-4367-A884-71884A9C59EC}.Debug|Any CPU.Build.0 = Debug|Any CPU
		{E530D925-EEA0-4367-A884-71884A9C59EC}.Release|Any CPU.ActiveCfg = Release|Any CPU
		{E530D925-EEA0-4367-A884-71884A9C59EC}.Release|Any CPU.Build.0 = Release|Any CPU
	EndGlobalSection
	GlobalSection(NestedProjects) = preSolution
		{EE5737B3-11EC-442D-81A3-5352C845EB0C} = {B2F81F31-9914-4AE8-AC66-75344D1AB366}
		{3997134A-6BDC-4BC8-BAE7-CF03BE16EAEA} = {B2F81F31-9914-4AE8-AC66-75344D1AB366}
		{5C8AAD80-17B4-4F2F-848B-12870392A368} = {D63933D7-344F-4EA7-BD9A-85ABC5065FA8}
		{809970C6-F20B-41BD-9840-413AA36E3319} = {D63933D7-344F-4EA7-BD9A-85ABC5065FA8}
		{01C61A50-2F11-449A-8B12-E85F55B291A8} = {78ADE4E4-96A8-4456-9EBB-341E9514CF58}
		{E530D925-EEA0-4367-A884-71884A9C59EC} = {3CC83435-69EA-4DB8-A0BC-A51F9FB358E2}
	EndGlobalSection
EndGlobal
